// !$*UTF8*$!
{
	archiveVersion = 1;
	classes = {
	};
	objectVersion = 46;
	objects = {

/* Begin PBXBuildFile section */
		95F12476199D9374005D12F0 /* AppDelegate.swift in Sources */ = {isa = PBXBuildFile; fileRef = 95F12475199D9374005D12F0 /* AppDelegate.swift */; };
		95F12479199D9374005D12F0 /* tabuExpert.xcdatamodeld in Sources */ = {isa = PBXBuildFile; fileRef = 95F12477199D9374005D12F0 /* tabuExpert.xcdatamodeld */; };
		95F1247B199D9374005D12F0 /* ViewController.swift in Sources */ = {isa = PBXBuildFile; fileRef = 95F1247A199D9374005D12F0 /* ViewController.swift */; };
		95F1247E199D9374005D12F0 /* Main.storyboard in Resources */ = {isa = PBXBuildFile; fileRef = 95F1247C199D9374005D12F0 /* Main.storyboard */; };
		95F12480199D9374005D12F0 /* Images.xcassets in Resources */ = {isa = PBXBuildFile; fileRef = 95F1247F199D9374005D12F0 /* Images.xcassets */; };
		95F1248C199D9374005D12F0 /* tabuExpertTests.swift in Sources */ = {isa = PBXBuildFile; fileRef = 95F1248B199D9374005D12F0 /* tabuExpertTests.swift */; };
		EA896E3F199E38A800A9ABEA /* PerguntasViewController.swift in Sources */ = {isa = PBXBuildFile; fileRef = EA896E3E199E38A800A9ABEA /* PerguntasViewController.swift */; };
		EA896E41199E533200A9ABEA /* HistoricoViewController.swift in Sources */ = {isa = PBXBuildFile; fileRef = EA896E40199E533200A9ABEA /* HistoricoViewController.swift */; };
/* End PBXBuildFile section */

/* Begin PBXContainerItemProxy section */
		95F12486199D9374005D12F0 /* PBXContainerItemProxy */ = {
			isa = PBXContainerItemProxy;
			containerPortal = 95F12468199D9373005D12F0 /* Project object */;
			proxyType = 1;
			remoteGlobalIDString = 95F1246F199D9373005D12F0;
			remoteInfo = tabuExpert;
		};
/* End PBXContainerItemProxy section */

/* Begin PBXFileReference section */
		95F12470199D9373005D12F0 /* tabuExpert.app */ = {isa = PBXFileReference; explicitFileType = wrapper.application; includeInIndex = 0; path = tabuExpert.app; sourceTree = BUILT_PRODUCTS_DIR; };
		95F12474199D9374005D12F0 /* Info.plist */ = {isa = PBXFileReference; lastKnownFileType = text.plist.xml; path = Info.plist; sourceTree = "<group>"; };
		95F12475199D9374005D12F0 /* AppDelegate.swift */ = {isa = PBXFileReference; lastKnownFileType = sourcecode.swift; path = AppDelegate.swift; sourceTree = "<group>"; };
		95F12478199D9374005D12F0 /* tabuExpert.xcdatamodel */ = {isa = PBXFileReference; lastKnownFileType = wrapper.xcdatamodel; path = tabuExpert.xcdatamodel; sourceTree = "<group>"; };
		95F1247A199D9374005D12F0 /* ViewController.swift */ = {isa = PBXFileReference; lastKnownFileType = sourcecode.swift; path = ViewController.swift; sourceTree = "<group>"; };
		95F1247D199D9374005D12F0 /* Base */ = {isa = PBXFileReference; lastKnownFileType = file.storyboard; name = Base; path = Base.lproj/Main.storyboard; sourceTree = "<group>"; };
		95F1247F199D9374005D12F0 /* Images.xcassets */ = {isa = PBXFileReference; lastKnownFileType = folder.assetcatalog; path = Images.xcassets; sourceTree = "<group>"; };
		95F12485199D9374005D12F0 /* tabuExpertTests.xctest */ = {isa = PBXFileReference; explicitFileType = wrapper.cfbundle; includeInIndex = 0; path = tabuExpertTests.xctest; sourceTree = BUILT_PRODUCTS_DIR; };
		95F1248A199D9374005D12F0 /* Info.plist */ = {isa = PBXFileReference; lastKnownFileType = text.plist.xml; path = Info.plist; sourceTree = "<group>"; };
		95F1248B199D9374005D12F0 /* tabuExpertTests.swift */ = {isa = PBXFileReference; lastKnownFileType = sourcecode.swift; path = tabuExpertTests.swift; sourceTree = "<group>"; };
		EA896E3E199E38A800A9ABEA /* PerguntasViewController.swift */ = {isa = PBXFileReference; fileEncoding = 4; lastKnownFileType = sourcecode.swift; path = PerguntasViewController.swift; sourceTree = "<group>"; };
		EA896E40199E533200A9ABEA /* HistoricoViewController.swift */ = {isa = PBXFileReference; fileEncoding = 4; lastKnownFileType = sourcecode.swift; path = HistoricoViewController.swift; sourceTree = "<group>"; };
/* End PBXFileReference section */

/* Begin PBXFrameworksBuildPhase section */
		95F1246D199D9373005D12F0 /* Frameworks */ = {
			isa = PBXFrameworksBuildPhase;
			buildActionMask = 2147483647;
			files = (
			);
			runOnlyForDeploymentPostprocessing = 0;
		};
		95F12482199D9374005D12F0 /* Frameworks */ = {
			isa = PBXFrameworksBuildPhase;
			buildActionMask = 2147483647;
			files = (
			);
			runOnlyForDeploymentPostprocessing = 0;
		};
/* End PBXFrameworksBuildPhase section */

/* Begin PBXGroup section */
		95F12467199D9373005D12F0 = {
			isa = PBXGroup;
			children = (
				95F12472199D9373005D12F0 /* tabuExpert */,
				95F12488199D9374005D12F0 /* tabuExpertTests */,
				95F12471199D9373005D12F0 /* Products */,
			);
			sourceTree = "<group>";
		};
		95F12471199D9373005D12F0 /* Products */ = {
			isa = PBXGroup;
			children = (
				95F12470199D9373005D12F0 /* tabuExpert.app */,
				95F12485199D9374005D12F0 /* tabuExpertTests.xctest */,
			);
			name = Products;
			sourceTree = "<group>";
		};
		95F12472199D9373005D12F0 /* tabuExpert */ = {
			isa = PBXGroup;
			children = (
				95F12475199D9374005D12F0 /* AppDelegate.swift */,
				EA896E40199E533200A9ABEA /* HistoricoViewController.swift */,
				EA896E3E199E38A800A9ABEA /* PerguntasViewController.swift */,
				95F1247A199D9374005D12F0 /* ViewController.swift */,
				95F1247F199D9374005D12F0 /* Images.xcassets */,
				95F1247C199D9374005D12F0 /* Main.storyboard */,
				95F12473199D9373005D12F0 /* Supporting Files */,
				95F12477199D9374005D12F0 /* tabuExpert.xcdatamodeld */,
			);
			path = tabuExpert;
			sourceTree = "<group>";
		};
		95F12473199D9373005D12F0 /* Supporting Files */ = {
			isa = PBXGroup;
			children = (
				95F12474199D9374005D12F0 /* Info.plist */,
			);
			name = "Supporting Files";
			sourceTree = "<group>";
		};
		95F12488199D9374005D12F0 /* tabuExpertTests */ = {
			isa = PBXGroup;
			children = (
				95F1248B199D9374005D12F0 /* tabuExpertTests.swift */,
				95F12489199D9374005D12F0 /* Supporting Files */,
			);
			path = tabuExpertTests;
			sourceTree = "<group>";
		};
		95F12489199D9374005D12F0 /* Supporting Files */ = {
			isa = PBXGroup;
			children = (
				95F1248A199D9374005D12F0 /* Info.plist */,
			);
			name = "Supporting Files";
			sourceTree = "<group>";
		};
/* End PBXGroup section */

/* Begin PBXNativeTarget section */
		95F1246F199D9373005D12F0 /* tabuExpert */ = {
			isa = PBXNativeTarget;
			buildConfigurationList = 95F1248F199D9374005D12F0 /* Build configuration list for PBXNativeTarget "tabuExpert" */;
			buildPhases = (
				95F1246C199D9373005D12F0 /* Sources */,
				95F1246D199D9373005D12F0 /* Frameworks */,
				95F1246E199D9373005D12F0 /* Resources */,
			);
			buildRules = (
			);
			dependencies = (
			);
			name = tabuExpert;
			productName = tabuExpert;
			productReference = 95F12470199D9373005D12F0 /* tabuExpert.app */;
			productType = "com.apple.product-type.application";
		};
		95F12484199D9374005D12F0 /* tabuExpertTests */ = {
			isa = PBXNativeTarget;
			buildConfigurationList = 95F12492199D9374005D12F0 /* Build configuration list for PBXNativeTarget "tabuExpertTests" */;
			buildPhases = (
				95F12481199D9374005D12F0 /* Sources */,
				95F12482199D9374005D12F0 /* Frameworks */,
				95F12483199D9374005D12F0 /* Resources */,
			);
			buildRules = (
			);
			dependencies = (
				95F12487199D9374005D12F0 /* PBXTargetDependency */,
			);
			name = tabuExpertTests;
			productName = tabuExpertTests;
			productReference = 95F12485199D9374005D12F0 /* tabuExpertTests.xctest */;
			productType = "com.apple.product-type.bundle.unit-test";
		};
/* End PBXNativeTarget section */

/* Begin PBXProject section */
		95F12468199D9373005D12F0 /* Project object */ = {
			isa = PBXProject;
			attributes = {
				LastUpgradeCheck = 0600;
				ORGANIZATIONNAME = "Dennis de Oliveira";
				TargetAttributes = {
					95F1246F199D9373005D12F0 = {
						CreatedOnToolsVersion = 6.0;
					};
					95F12484199D9374005D12F0 = {
						CreatedOnToolsVersion = 6.0;
						TestTargetID = 95F1246F199D9373005D12F0;
					};
				};
			};
			buildConfigurationList = 95F1246B199D9373005D12F0 /* Build configuration list for PBXProject "tabuExpert" */;
			compatibilityVersion = "Xcode 3.2";
			developmentRegion = English;
			hasScannedForEncodings = 0;
			knownRegions = (
				en,
				Base,
			);
			mainGroup = 95F12467199D9373005D12F0;
			productRefGroup = 95F12471199D9373005D12F0 /* Products */;
			projectDirPath = "";
			projectRoot = "";
			targets = (
				95F1246F199D9373005D12F0 /* tabuExpert */,
				95F12484199D9374005D12F0 /* tabuExpertTests */,
			);
		};
/* End PBXProject section */

/* Begin PBXResourcesBuildPhase section */
		95F1246E199D9373005D12F0 /* Resources */ = {
			isa = PBXResourcesBuildPhase;
			buildActionMask = 2147483647;
			files = (
				95F1247E199D9374005D12F0 /* Main.storyboard in Resources */,
				95F12480199D9374005D12F0 /* Images.xcassets in Resources */,
			);
			runOnlyForDeploymentPostprocessing = 0;
		};
		95F12483199D9374005D12F0 /* Resources */ = {
			isa = PBXResourcesBuildPhase;
			buildActionMask = 2147483647;
			files = (
			);
			runOnlyForDeploymentPostprocessing = 0;
		};
/* End PBXResourcesBuildPhase section */

/* Begin PBXSourcesBuildPhase section */
		95F1246C199D9373005D12F0 /* Sources */ = {
			isa = PBXSourcesBuildPhase;
			buildActionMask = 2147483647;
			files = (
				EA896E3F199E38A800A9ABEA /* PerguntasViewController.swift in Sources */,
				95F1247B199D9374005D12F0 /* ViewController.swift in Sources */,
				EA896E41199E533200A9ABEA /* HistoricoViewController.swift in Sources */,
				95F12476199D9374005D12F0 /* AppDelegate.swift in Sources */,
				95F12479199D9374005D12F0 /* tabuExpert.xcdatamodeld in Sources */,
			);
			runOnlyForDeploymentPostprocessing = 0;
		};
		95F12481199D9374005D12F0 /* Sources */ = {
			isa = PBXSourcesBuildPhase;
			buildActionMask = 2147483647;
			files = (
				95F1248C199D9374005D12F0 /* tabuExpertTests.swift in Sources */,
			);
			runOnlyForDeploymentPostprocessing = 0;
		};
/* End PBXSourcesBuildPhase section */

/* Begin PBXTargetDependency section */
		95F12487199D9374005D12F0 /* PBXTargetDependency */ = {
			isa = PBXTargetDependency;
			target = 95F1246F199D9373005D12F0 /* tabuExpert */;
			targetProxy = 95F12486199D9374005D12F0 /* PBXContainerItemProxy */;
		};
/* End PBXTargetDependency section */

/* Begin PBXVariantGroup section */
		95F1247C199D9374005D12F0 /* Main.storyboard */ = {
			isa = PBXVariantGroup;
			children = (
				95F1247D199D9374005D12F0 /* Base */,
			);
			name = Main.storyboard;
			sourceTree = "<group>";
		};
/* End PBXVariantGroup section */

/* Begin XCBuildConfiguration section */
		95F1248D199D9374005D12F0 /* Debug */ = {
			isa = XCBuildConfiguration;
			buildSettings = {
				ALWAYS_SEARCH_USER_PATHS = NO;
				CLANG_CXX_LANGUAGE_STANDARD = "gnu++0x";
				CLANG_CXX_LIBRARY = "libc++";
				CLANG_ENABLE_MODULES = YES;
				CLANG_ENABLE_OBJC_ARC = YES;
				CLANG_WARN_BOOL_CONVERSION = YES;
				CLANG_WARN_CONSTANT_CONVERSION = YES;
				CLANG_WARN_DIRECT_OBJC_ISA_USAGE = YES_ERROR;
				CLANG_WARN_EMPTY_BODY = YES;
				CLANG_WARN_ENUM_CONVERSION = YES;
				CLANG_WARN_INT_CONVERSION = YES;
				CLANG_WARN_OBJC_ROOT_CLASS = YES_ERROR;
				CLANG_WARN_UNREACHABLE_CODE = YES;
				CLANG_WARN__DUPLICATE_METHOD_MATCH = YES;
				"CODE_SIGN_IDENTITY[sdk=iphoneos*]" = "iPhone Developer";
				COPY_PHASE_STRIP = NO;
				ENABLE_STRICT_OBJC_MSGSEND = YES;
				GCC_C_LANGUAGE_STANDARD = gnu99;
				GCC_DYNAMIC_NO_PIC = NO;
				GCC_OPTIMIZATION_LEVEL = 0;
				GCC_PREPROCESSOR_DEFINITIONS = (
					"DEBUG=1",
					"$(inherited)",
				);
				GCC_SYMBOLS_PRIVATE_EXTERN = NO;
				GCC_WARN_64_TO_32_BIT_CONVERSION = YES;
				GCC_WARN_ABOUT_RETURN_TYPE = YES_ERROR;
				GCC_WARN_UNDECLARED_SELECTOR = YES;
				GCC_WARN_UNINITIALIZED_AUTOS = YES_AGGRESSIVE;
				GCC_WARN_UNUSED_FUNCTION = YES;
				GCC_WARN_UNUSED_VARIABLE = YES;
				IPHONEOS_DEPLOYMENT_TARGET = 8.0;
				MTL_ENABLE_DEBUG_INFO = YES;
				ONLY_ACTIVE_ARCH = YES;
				SDKROOT = iphoneos;
				SWIFT_OPTIMIZATION_LEVEL = "-Onone";
			};
			name = Debug;
		};
		95F1248E199D9374005D12F0 /* Release */ = {
			isa = XCBuildConfiguration;
			buildSettings = {
				ALWAYS_SEARCH_USER_PATHS = NO;
				CLANG_CXX_LANGUAGE_STANDARD = "gnu++0x";
				CLANG_CXX_LIBRARY = "libc++";
				CLANG_ENABLE_MODULES = YES;
				CLANG_ENABLE_OBJC_ARC = YES;
				CLANG_WARN_BOOL_CONVERSION = YES;
				CLANG_WARN_CONSTANT_CONVERSION = YES;
				CLANG_WARN_DIRECT_OBJC_ISA_USAGE = YES_ERROR;
				CLANG_WARN_EMPTY_BODY = YES;
				CLANG_WARN_ENUM_CONVERSION = YES;
				CLANG_WARN_INT_CONVERSION = YES;
				CLANG_WARN_OBJC_ROOT_CLASS = YES_ERROR;
				CLANG_WARN_UNREACHABLE_CODE = YES;
				CLANG_WARN__DUPLICATE_METHOD_MATCH = YES;
				"CODE_SIGN_IDENTITY[sdk=iphoneos*]" = "iPhone Developer";
				COPY_PHASE_STRIP = YES;
				ENABLE_NS_ASSERTIONS = NO;
				ENABLE_STRICT_OBJC_MSGSEND = YES;
				GCC_C_LANGUAGE_STANDARD = gnu99;
				GCC_WARN_64_TO_32_BIT_CONVERSION = YES;
				GCC_WARN_ABOUT_RETURN_TYPE = YES_ERROR;
				GCC_WARN_UNDECLARED_SELECTOR = YES;
				GCC_WARN_UNINITIALIZED_AUTOS = YES_AGGRESSIVE;
				GCC_WARN_UNUSED_FUNCTION = YES;
				GCC_WARN_UNUSED_VARIABLE = YES;
				IPHONEOS_DEPLOYMENT_TARGET = 8.0;
				MTL_ENABLE_DEBUG_INFO = NO;
				SDKROOT = iphoneos;
				VALIDATE_PRODUCT = YES;
			};
			name = Release;
		};
		95F12490199D9374005D12F0 /* Debug */ = {
			isa = XCBuildConfiguration;
			buildSettings = {
				ASSETCATALOG_COMPILER_APPICON_NAME = AppIcon;
				ASSETCATALOG_COMPILER_LAUNCHIMAGE_NAME = LaunchImage;
				INFOPLIST_FILE = tabuExpert/Info.plist;
				IPHONEOS_DEPLOYMENT_TARGET = 7.1;
				LD_RUNPATH_SEARCH_PATHS = "$(inherited) @executable_path/Frameworks";
				PRODUCT_NAME = "$(TARGET_NAME)";
			};
			name = Debug;
		};
		95F12491199D9374005D12F0 /* Release */ = {
			isa = XCBuildConfiguration;
			buildSettings = {
				ASSETCATALOG_COMPILER_APPICON_NAME = AppIcon;
				ASSETCATALOG_COMPILER_LAUNCHIMAGE_NAME = LaunchImage;
				INFOPLIST_FILE = tabuExpert/Info.plist;
				IPHONEOS_DEPLOYMENT_TARGET = 7.1;
				LD_RUNPATH_SEARCH_PATHS = "$(inherited) @executable_path/Frameworks";
				PRODUCT_NAME = "$(TARGET_NAME)";
			};
			name = Release;
		};
		95F12493199D9374005D12F0 /* Debug */ = {
			isa = XCBuildConfiguration;
			buildSettings = {
				BUNDLE_LOADER = "$(TEST_HOST)";
				FRAMEWORK_SEARCH_PATHS = (
					"$(SDKROOT)/Developer/Library/Frameworks",
					"$(inherited)",
				);
				GCC_PREPROCESSOR_DEFINITIONS = (
					"DEBUG=1",
					"$(inherited)",
				);
				INFOPLIST_FILE = tabuExpertTests/Info.plist;
				LD_RUNPATH_SEARCH_PATHS = "$(inherited) @executable_path/Frameworks @loader_path/Frameworks";
				PRODUCT_NAME = "$(TARGET_NAME)";
				TEST_HOST = "$(BUILT_PRODUCTS_DIR)/tabuExpert.app/tabuExpert";
			};
			name = Debug;
		};
		95F12494199D9374005D12F0 /* Release */ = {
			isa = XCBuildConfiguration;
			buildSettings = {
				BUNDLE_LOADER = "$(TEST_HOST)";
				FRAMEWORK_SEARCH_PATHS = (
					"$(SDKROOT)/Developer/Library/Frameworks",
					"$(inherited)",
				);
				INFOPLIST_FILE = tabuExpertTests/Info.plist;
				LD_RUNPATH_SEARCH_PATHS = "$(inherited) @executable_path/Frameworks @loader_path/Frameworks";
				PRODUCT_NAME = "$(TARGET_NAME)";
				TEST_HOST = "$(BUILT_PRODUCTS_DIR)/tabuExpert.app/tabuExpert";
			};
			name = Release;
		};
/* End XCBuildConfiguration section */

/* Begin XCConfigurationList section */
		95F1246B199D9373005D12F0 /* Build configuration list for PBXProject "tabuExpert" */ = {
			isa = XCConfigurationList;
			buildConfigurations = (
				95F1248D199D9374005D12F0 /* Debug */,
				95F1248E199D9374005D12F0 /* Release */,
			);
			defaultConfigurationIsVisible = 0;
			defaultConfigurationName = Release;
		};
		95F1248F199D9374005D12F0 /* Build configuration list for PBXNativeTarget "tabuExpert" */ = {
			isa = XCConfigurationList;
			buildConfigurations = (
				95F12490199D9374005D12F0 /* Debug */,
				95F12491199D9374005D12F0 /* Release */,
			);
			defaultConfigurationIsVisible = 0;
			defaultConfigurationName = Release;
		};
		95F12492199D9374005D12F0 /* Build configuration list for PBXNativeTarget "tabuExpertTests" */ = {
			isa = XCConfigurationList;
			buildConfigurations = (
				95F12493199D9374005D12F0 /* Debug */,
				95F12494199D9374005D12F0 /* Release */,
			);
			defaultConfigurationIsVisible = 0;
			defaultConfigurationName = Release;
		};
/* End XCConfigurationList section */

/* Begin XCVersionGroup section */
		95F12477199D9374005D12F0 /* tabuExpert.xcdatamodeld */ = {
			isa = XCVersionGroup;
			children = (
				95F12478199D9374005D12F0 /* tabuExpert.xcdatamodel */,
			);
			currentVersion = 95F12478199D9374005D12F0 /* tabuExpert.xcdatamodel */;
			path = tabuExpert.xcdatamodeld;
			sourceTree = "<group>";
			versionGroupType = wrapper.xcdatamodel;
		};
/* End XCVersionGroup section */
	};
	rootObject = 95F12468199D9373005D12F0 /* Project object */;
}
